// !$*UTF8*$!
{
	archiveVersion = 1;
	classes = {
	};
	objectVersion = 46;
	objects = {

/* Begin PBXBuildFile section */
		950BB1071DBD052D008A988F /* NSNotificationCenterKeys.swift in Sources */ = {isa = PBXBuildFile; fileRef = 950BB1061DBD052D008A988F /* NSNotificationCenterKeys.swift */; };
		952832B61DAA46D400E3028D /* SVProgressHUD.framework in Frameworks */ = {isa = PBXBuildFile; fileRef = 9578B9701DA93B4C0073CC66 /* SVProgressHUD.framework */; };
		953987431BD2699E005DB2C7 /* iAd.framework in Frameworks */ = {isa = PBXBuildFile; fileRef = 953987421BD2699E005DB2C7 /* iAd.framework */; };
		953B35AA1DD1042B00B36AA9 /* GoogleMobileAds.framework in Frameworks */ = {isa = PBXBuildFile; fileRef = 953B35A91DD1042B00B36AA9 /* GoogleMobileAds.framework */; };
		953C2CC61DCE014500C8CEF7 /* DoubleTests.swift in Sources */ = {isa = PBXBuildFile; fileRef = 953C2CC51DCE014500C8CEF7 /* DoubleTests.swift */; };
		953C2CC91DCE0F4300C8CEF7 /* UIColor.swift in Sources */ = {isa = PBXBuildFile; fileRef = 953C2CC81DCE0F4300C8CEF7 /* UIColor.swift */; };
		953C2CCB1DCE142B00C8CEF7 /* UIColorTests.swift in Sources */ = {isa = PBXBuildFile; fileRef = 953C2CCA1DCE142B00C8CEF7 /* UIColorTests.swift */; };
		953C2CCF1DCE80B100C8CEF7 /* BaseTest.swift in Sources */ = {isa = PBXBuildFile; fileRef = 953C2CCE1DCE80B100C8CEF7 /* BaseTest.swift */; };
		953C2CD21DCE836400C8CEF7 /* StoreTests.swift in Sources */ = {isa = PBXBuildFile; fileRef = 953C2CD11DCE836400C8CEF7 /* StoreTests.swift */; };
		953FDF451BB8126900D2C9DA /* BusLineView.xib in Resources */ = {isa = PBXBuildFile; fileRef = 953FDF441BB8126900D2C9DA /* BusLineView.xib */; };
		953FDF471BB812B500D2C9DA /* BusLineView.swift in Sources */ = {isa = PBXBuildFile; fileRef = 953FDF461BB812B500D2C9DA /* BusLineView.swift */; };
		954020A21BC9714A009419EA /* FaresViewController.swift in Sources */ = {isa = PBXBuildFile; fileRef = 954020A11BC9714A009419EA /* FaresViewController.swift */; };
		954020AD1BCA627C009419EA /* FareCell.swift in Sources */ = {isa = PBXBuildFile; fileRef = 954020AB1BCA627C009419EA /* FareCell.swift */; };
		95559B171C516E6B0003E32F /* StoreError.swift in Sources */ = {isa = PBXBuildFile; fileRef = 95559B161C516E6B0003E32F /* StoreError.swift */; };
		9562D22A1C4AB8CE008E2A47 /* Fare.swift in Sources */ = {isa = PBXBuildFile; fileRef = 9562D2291C4AB8CE008E2A47 /* Fare.swift */; };
		9562D22C1C4AB97B008E2A47 /* BusLine.swift in Sources */ = {isa = PBXBuildFile; fileRef = 9562D22B1C4AB97B008E2A47 /* BusLine.swift */; };
		9562D22E1C4AE00B008E2A47 /* Double.swift in Sources */ = {isa = PBXBuildFile; fileRef = 9562D22D1C4AE00B008E2A47 /* Double.swift */; };
		9566B8BA1BB85B53000ED3E1 /* fares_es.json in Resources */ = {isa = PBXBuildFile; fileRef = 9566B8B81BB85B53000ED3E1 /* fares_es.json */; };
		9566B8C41BB87B0D000ED3E1 /* Store.swift in Sources */ = {isa = PBXBuildFile; fileRef = 9566B8C31BB87B0D000ED3E1 /* Store.swift */; };
		9578B9801DA93E810073CC66 /* SwiftyJSON.framework in Frameworks */ = {isa = PBXBuildFile; fileRef = 9578B97D1DA93E810073CC66 /* SwiftyJSON.framework */; };
		957FE81F1DBFE5FF002833D5 /* Settings.swift in Sources */ = {isa = PBXBuildFile; fileRef = 957FE81E1DBFE5FF002833D5 /* Settings.swift */; };
		95A4CBD91B5A852A002FB3E9 /* AppDelegate.swift in Sources */ = {isa = PBXBuildFile; fileRef = 95A4CBD81B5A852A002FB3E9 /* AppDelegate.swift */; };
		95A4CBDB1B5A852A002FB3E9 /* ViewController.swift in Sources */ = {isa = PBXBuildFile; fileRef = 95A4CBDA1B5A852A002FB3E9 /* ViewController.swift */; };
		95A4CBDE1B5A852A002FB3E9 /* Main.storyboard in Resources */ = {isa = PBXBuildFile; fileRef = 95A4CBDC1B5A852A002FB3E9 /* Main.storyboard */; };
		95A4CBE01B5A852A002FB3E9 /* Images.xcassets in Resources */ = {isa = PBXBuildFile; fileRef = 95A4CBDF1B5A852A002FB3E9 /* Images.xcassets */; };
		95A4CBE31B5A852A002FB3E9 /* LaunchScreen.xib in Resources */ = {isa = PBXBuildFile; fileRef = 95A4CBE11B5A852A002FB3E9 /* LaunchScreen.xib */; };
		95AC90881BCC000D00787C79 /* FareCell.xib in Resources */ = {isa = PBXBuildFile; fileRef = 95AC90861BCC000D00787C79 /* FareCell.xib */; };
		95C31B781C46592800365F87 /* Fabric.framework in Frameworks */ = {isa = PBXBuildFile; fileRef = 95C31B761C46592800365F87 /* Fabric.framework */; };
		95C31B791C46592900365F87 /* Crashlytics.framework in Frameworks */ = {isa = PBXBuildFile; fileRef = 95C31B771C46592800365F87 /* Crashlytics.framework */; };
		95D153DA1B6A9E7800866B59 /* AddMoneyViewController.swift in Sources */ = {isa = PBXBuildFile; fileRef = 95D153D91B6A9E7800866B59 /* AddMoneyViewController.swift */; };
		95D9F5FC1C4C0C9000A696B9 /* Balance.swift in Sources */ = {isa = PBXBuildFile; fileRef = 95D9F5FB1C4C0C9000A696B9 /* Balance.swift */; };
		95DACD851DC64DB5005C7180 /* XCGLogger.framework in Frameworks */ = {isa = PBXBuildFile; fileRef = 95DACD841DC64DB5005C7180 /* XCGLogger.framework */; };
		95DACD891DC905B0005C7180 /* Logger.swift in Sources */ = {isa = PBXBuildFile; fileRef = 95DACD881DC905B0005C7180 /* Logger.swift */; };
		95DE71101DC4E63200093EB4 /* Realm.framework in Frameworks */ = {isa = PBXBuildFile; fileRef = 9578B97B1DA93E810073CC66 /* Realm.framework */; };
		95DE71111DC4E63200093EB4 /* RealmSwift.framework in Frameworks */ = {isa = PBXBuildFile; fileRef = 9578B97C1DA93E810073CC66 /* RealmSwift.framework */; };
		95E27DFA1BEBDDD70047AD01 /* FareWithLimitedRidesCell.swift in Sources */ = {isa = PBXBuildFile; fileRef = 95E27DF81BEBDDD70047AD01 /* FareWithLimitedRidesCell.swift */; };
		95E27DFB1BEBDDD70047AD01 /* FareWithLimitedRidesCell.xib in Resources */ = {isa = PBXBuildFile; fileRef = 95E27DF91BEBDDD70047AD01 /* FareWithLimitedRidesCell.xib */; };
		95E27DFE1BED38B30047AD01 /* FareWithUnlimitedRidesCell.swift in Sources */ = {isa = PBXBuildFile; fileRef = 95E27DFC1BED38B30047AD01 /* FareWithUnlimitedRidesCell.swift */; };
		95E27DFF1BED38B30047AD01 /* FareWithUnlimitedRidesCell.xib in Resources */ = {isa = PBXBuildFile; fileRef = 95E27DFD1BED38B30047AD01 /* FareWithUnlimitedRidesCell.xib */; };
/* End PBXBuildFile section */

/* Begin PBXContainerItemProxy section */
		95A4CBE91B5A852B002FB3E9 /* PBXContainerItemProxy */ = {
			isa = PBXContainerItemProxy;
			containerPortal = 95A4CBCB1B5A852A002FB3E9 /* Project object */;
			proxyType = 1;
			remoteGlobalIDString = 95A4CBD21B5A852A002FB3E9;
			remoteInfo = SaldoEMT;
		};
/* End PBXContainerItemProxy section */

/* Begin PBXFileReference section */
		950BB1061DBD052D008A988F /* NSNotificationCenterKeys.swift */ = {isa = PBXFileReference; fileEncoding = 4; lastKnownFileType = sourcecode.swift; path = NSNotificationCenterKeys.swift; sourceTree = "<group>"; };
		953987421BD2699E005DB2C7 /* iAd.framework */ = {isa = PBXFileReference; lastKnownFileType = wrapper.framework; name = iAd.framework; path = System/Library/Frameworks/iAd.framework; sourceTree = SDKROOT; };
		953B35A91DD1042B00B36AA9 /* GoogleMobileAds.framework */ = {isa = PBXFileReference; lastKnownFileType = wrapper.framework; path = GoogleMobileAds.framework; sourceTree = "<group>"; };
		953C2CC51DCE014500C8CEF7 /* DoubleTests.swift */ = {isa = PBXFileReference; fileEncoding = 4; lastKnownFileType = sourcecode.swift; name = DoubleTests.swift; path = Extensions/DoubleTests.swift; sourceTree = "<group>"; };
		953C2CC81DCE0F4300C8CEF7 /* UIColor.swift */ = {isa = PBXFileReference; fileEncoding = 4; lastKnownFileType = sourcecode.swift; path = UIColor.swift; sourceTree = "<group>"; };
		953C2CCA1DCE142B00C8CEF7 /* UIColorTests.swift */ = {isa = PBXFileReference; fileEncoding = 4; lastKnownFileType = sourcecode.swift; name = UIColorTests.swift; path = Extensions/UIColorTests.swift; sourceTree = "<group>"; };
		953C2CCE1DCE80B100C8CEF7 /* BaseTest.swift */ = {isa = PBXFileReference; fileEncoding = 4; lastKnownFileType = sourcecode.swift; path = BaseTest.swift; sourceTree = "<group>"; };
		953C2CD11DCE836400C8CEF7 /* StoreTests.swift */ = {isa = PBXFileReference; fileEncoding = 4; lastKnownFileType = sourcecode.swift; name = StoreTests.swift; path = Logic/StoreTests.swift; sourceTree = "<group>"; };
		953FDF441BB8126900D2C9DA /* BusLineView.xib */ = {isa = PBXFileReference; fileEncoding = 4; lastKnownFileType = file.xib; path = BusLineView.xib; sourceTree = "<group>"; };
		953FDF461BB812B500D2C9DA /* BusLineView.swift */ = {isa = PBXFileReference; fileEncoding = 4; lastKnownFileType = sourcecode.swift; path = BusLineView.swift; sourceTree = "<group>"; };
		9540209F1BC970AE009419EA /* Warnings.xcconfig */ = {isa = PBXFileReference; fileEncoding = 4; lastKnownFileType = text.xcconfig; path = Warnings.xcconfig; sourceTree = "<group>"; };
		954020A11BC9714A009419EA /* FaresViewController.swift */ = {isa = PBXFileReference; fileEncoding = 4; lastKnownFileType = sourcecode.swift; path = FaresViewController.swift; sourceTree = "<group>"; };
		954020AB1BCA627C009419EA /* FareCell.swift */ = {isa = PBXFileReference; fileEncoding = 4; lastKnownFileType = sourcecode.swift; path = FareCell.swift; sourceTree = "<group>"; };
		95559B161C516E6B0003E32F /* StoreError.swift */ = {isa = PBXFileReference; fileEncoding = 4; lastKnownFileType = sourcecode.swift; path = StoreError.swift; sourceTree = "<group>"; };
		9562D2291C4AB8CE008E2A47 /* Fare.swift */ = {isa = PBXFileReference; fileEncoding = 4; lastKnownFileType = sourcecode.swift; path = Fare.swift; sourceTree = "<group>"; };
		9562D22B1C4AB97B008E2A47 /* BusLine.swift */ = {isa = PBXFileReference; fileEncoding = 4; lastKnownFileType = sourcecode.swift; path = BusLine.swift; sourceTree = "<group>"; };
		9562D22D1C4AE00B008E2A47 /* Double.swift */ = {isa = PBXFileReference; fileEncoding = 4; lastKnownFileType = sourcecode.swift; path = Double.swift; sourceTree = "<group>"; };
		9566B8B81BB85B53000ED3E1 /* fares_es.json */ = {isa = PBXFileReference; fileEncoding = 4; lastKnownFileType = text.json; path = fares_es.json; sourceTree = "<group>"; };
		9566B8C31BB87B0D000ED3E1 /* Store.swift */ = {isa = PBXFileReference; fileEncoding = 4; lastKnownFileType = sourcecode.swift; path = Store.swift; sourceTree = "<group>"; };
		9578B9701DA93B4C0073CC66 /* SVProgressHUD.framework */ = {isa = PBXFileReference; lastKnownFileType = wrapper.framework; name = SVProgressHUD.framework; path = Carthage/Build/iOS/SVProgressHUD.framework; sourceTree = SOURCE_ROOT; };
		9578B97B1DA93E810073CC66 /* Realm.framework */ = {isa = PBXFileReference; lastKnownFileType = wrapper.framework; name = Realm.framework; path = Carthage/Build/iOS/Realm.framework; sourceTree = "<group>"; };
		9578B97C1DA93E810073CC66 /* RealmSwift.framework */ = {isa = PBXFileReference; lastKnownFileType = wrapper.framework; name = RealmSwift.framework; path = Carthage/Build/iOS/RealmSwift.framework; sourceTree = "<group>"; };
		9578B97D1DA93E810073CC66 /* SwiftyJSON.framework */ = {isa = PBXFileReference; lastKnownFileType = wrapper.framework; name = SwiftyJSON.framework; path = Carthage/Build/iOS/SwiftyJSON.framework; sourceTree = "<group>"; };
		957FE81E1DBFE5FF002833D5 /* Settings.swift */ = {isa = PBXFileReference; fileEncoding = 4; lastKnownFileType = sourcecode.swift; path = Settings.swift; sourceTree = "<group>"; };
		95A4CBD31B5A852A002FB3E9 /* SaldoEMT.app */ = {isa = PBXFileReference; explicitFileType = wrapper.application; includeInIndex = 0; path = SaldoEMT.app; sourceTree = BUILT_PRODUCTS_DIR; };
		95A4CBD71B5A852A002FB3E9 /* Info.plist */ = {isa = PBXFileReference; lastKnownFileType = text.plist.xml; path = Info.plist; sourceTree = "<group>"; };
		95A4CBD81B5A852A002FB3E9 /* AppDelegate.swift */ = {isa = PBXFileReference; lastKnownFileType = sourcecode.swift; path = AppDelegate.swift; sourceTree = "<group>"; };
		95A4CBDA1B5A852A002FB3E9 /* ViewController.swift */ = {isa = PBXFileReference; lastKnownFileType = sourcecode.swift; path = ViewController.swift; sourceTree = "<group>"; };
		95A4CBDD1B5A852A002FB3E9 /* Base */ = {isa = PBXFileReference; lastKnownFileType = file.storyboard; name = Base; path = Base.lproj/Main.storyboard; sourceTree = "<group>"; };
		95A4CBDF1B5A852A002FB3E9 /* Images.xcassets */ = {isa = PBXFileReference; lastKnownFileType = folder.assetcatalog; path = Images.xcassets; sourceTree = "<group>"; };
		95A4CBE21B5A852A002FB3E9 /* Base */ = {isa = PBXFileReference; lastKnownFileType = file.xib; name = Base; path = Base.lproj/LaunchScreen.xib; sourceTree = "<group>"; };
		95A4CBE81B5A852B002FB3E9 /* SaldoEMTTests.xctest */ = {isa = PBXFileReference; explicitFileType = wrapper.cfbundle; includeInIndex = 0; path = SaldoEMTTests.xctest; sourceTree = BUILT_PRODUCTS_DIR; };
		95A4CBED1B5A852B002FB3E9 /* Info.plist */ = {isa = PBXFileReference; lastKnownFileType = text.plist.xml; path = Info.plist; sourceTree = "<group>"; };
		95AC90861BCC000D00787C79 /* FareCell.xib */ = {isa = PBXFileReference; fileEncoding = 4; lastKnownFileType = file.xib; path = FareCell.xib; sourceTree = "<group>"; };
		95C31B761C46592800365F87 /* Fabric.framework */ = {isa = PBXFileReference; lastKnownFileType = wrapper.framework; path = Fabric.framework; sourceTree = "<group>"; };
		95C31B771C46592800365F87 /* Crashlytics.framework */ = {isa = PBXFileReference; lastKnownFileType = wrapper.framework; path = Crashlytics.framework; sourceTree = "<group>"; };
		95D153D91B6A9E7800866B59 /* AddMoneyViewController.swift */ = {isa = PBXFileReference; fileEncoding = 4; lastKnownFileType = sourcecode.swift; path = AddMoneyViewController.swift; sourceTree = "<group>"; };
		95D9F5FB1C4C0C9000A696B9 /* Balance.swift */ = {isa = PBXFileReference; fileEncoding = 4; lastKnownFileType = sourcecode.swift; path = Balance.swift; sourceTree = "<group>"; };
		95DACD841DC64DB5005C7180 /* XCGLogger.framework */ = {isa = PBXFileReference; lastKnownFileType = wrapper.framework; name = XCGLogger.framework; path = Carthage/Build/iOS/XCGLogger.framework; sourceTree = "<group>"; };
		95DACD881DC905B0005C7180 /* Logger.swift */ = {isa = PBXFileReference; fileEncoding = 4; lastKnownFileType = sourcecode.swift; path = Logger.swift; sourceTree = "<group>"; };
		95DACD8A1DC91F14005C7180 /* es */ = {isa = PBXFileReference; lastKnownFileType = text.plist.strings; name = es; path = es.lproj/LaunchScreen.strings; sourceTree = "<group>"; };
		95DACD8B1DC91F14005C7180 /* es */ = {isa = PBXFileReference; lastKnownFileType = text.plist.strings; name = es; path = es.lproj/Main.strings; sourceTree = "<group>"; };
		95DACD8C1DC91F24005C7180 /* ca-ES */ = {isa = PBXFileReference; lastKnownFileType = text.plist.strings; name = "ca-ES"; path = "ca-ES.lproj/LaunchScreen.strings"; sourceTree = "<group>"; };
		95DACD8D1DC91F24005C7180 /* ca-ES */ = {isa = PBXFileReference; lastKnownFileType = text.plist.strings; name = "ca-ES"; path = "ca-ES.lproj/Main.strings"; sourceTree = "<group>"; };
		95E27DF81BEBDDD70047AD01 /* FareWithLimitedRidesCell.swift */ = {isa = PBXFileReference; fileEncoding = 4; lastKnownFileType = sourcecode.swift; path = FareWithLimitedRidesCell.swift; sourceTree = "<group>"; };
		95E27DF91BEBDDD70047AD01 /* FareWithLimitedRidesCell.xib */ = {isa = PBXFileReference; fileEncoding = 4; lastKnownFileType = file.xib; path = FareWithLimitedRidesCell.xib; sourceTree = "<group>"; };
		95E27DFC1BED38B30047AD01 /* FareWithUnlimitedRidesCell.swift */ = {isa = PBXFileReference; fileEncoding = 4; lastKnownFileType = sourcecode.swift; path = FareWithUnlimitedRidesCell.swift; sourceTree = "<group>"; };
		95E27DFD1BED38B30047AD01 /* FareWithUnlimitedRidesCell.xib */ = {isa = PBXFileReference; fileEncoding = 4; lastKnownFileType = file.xib; path = FareWithUnlimitedRidesCell.xib; sourceTree = "<group>"; };
/* End PBXFileReference section */

/* Begin PBXFrameworksBuildPhase section */
		95A4CBD01B5A852A002FB3E9 /* Frameworks */ = {
			isa = PBXFrameworksBuildPhase;
			buildActionMask = 2147483647;
			files = (
				953B35AA1DD1042B00B36AA9 /* GoogleMobileAds.framework in Frameworks */,
				95DACD851DC64DB5005C7180 /* XCGLogger.framework in Frameworks */,
				95DE71101DC4E63200093EB4 /* Realm.framework in Frameworks */,
				95DE71111DC4E63200093EB4 /* RealmSwift.framework in Frameworks */,
				9578B9801DA93E810073CC66 /* SwiftyJSON.framework in Frameworks */,
				953987431BD2699E005DB2C7 /* iAd.framework in Frameworks */,
				95C31B791C46592900365F87 /* Crashlytics.framework in Frameworks */,
				952832B61DAA46D400E3028D /* SVProgressHUD.framework in Frameworks */,
				95C31B781C46592800365F87 /* Fabric.framework in Frameworks */,
			);
			runOnlyForDeploymentPostprocessing = 0;
		};
		95A4CBE51B5A852B002FB3E9 /* Frameworks */ = {
			isa = PBXFrameworksBuildPhase;
			buildActionMask = 2147483647;
			files = (
			);
			runOnlyForDeploymentPostprocessing = 0;
		};
/* End PBXFrameworksBuildPhase section */

/* Begin PBXGroup section */
		953C2CC21DCE009600C8CEF7 /* Extensions */ = {
			isa = PBXGroup;
			children = (
				953C2CC51DCE014500C8CEF7 /* DoubleTests.swift */,
				953C2CCA1DCE142B00C8CEF7 /* UIColorTests.swift */,
			);
			name = Extensions;
			sourceTree = "<group>";
		};
		953C2CD01DCE834D00C8CEF7 /* Logic */ = {
			isa = PBXGroup;
			children = (
				953C2CD11DCE836400C8CEF7 /* StoreTests.swift */,
			);
			name = Logic;
			sourceTree = "<group>";
		};
		953FDF2D1BB8072F00D2C9DA /* Views */ = {
			isa = PBXGroup;
			children = (
				953FDF461BB812B500D2C9DA /* BusLineView.swift */,
				953FDF441BB8126900D2C9DA /* BusLineView.xib */,
				954020AB1BCA627C009419EA /* FareCell.swift */,
				95AC90861BCC000D00787C79 /* FareCell.xib */,
				95E27DF81BEBDDD70047AD01 /* FareWithLimitedRidesCell.swift */,
				95E27DF91BEBDDD70047AD01 /* FareWithLimitedRidesCell.xib */,
				95E27DFC1BED38B30047AD01 /* FareWithUnlimitedRidesCell.swift */,
				95E27DFD1BED38B30047AD01 /* FareWithUnlimitedRidesCell.xib */,
			);
			path = Views;
			sourceTree = "<group>";
		};
		953FDF411BB80EA700D2C9DA /* ViewControllers */ = {
			isa = PBXGroup;
			children = (
				95D153D91B6A9E7800866B59 /* AddMoneyViewController.swift */,
				954020A11BC9714A009419EA /* FaresViewController.swift */,
				95A4CBDA1B5A852A002FB3E9 /* ViewController.swift */,
			);
			path = ViewControllers;
			sourceTree = "<group>";
		};
		953FDF421BB80EB400D2C9DA /* Presentation */ = {
			isa = PBXGroup;
			children = (
				953FDF411BB80EA700D2C9DA /* ViewControllers */,
				953FDF2D1BB8072F00D2C9DA /* Views */,
			);
			path = Presentation;
			sourceTree = "<group>";
		};
		9566B8B61BB85B4A000ED3E1 /* Assets */ = {
			isa = PBXGroup;
			children = (
				9566B8B81BB85B53000ED3E1 /* fares_es.json */,
			);
			path = Assets;
			sourceTree = "<group>";
		};
		9578B96B1DA93A550073CC66 /* Frameworks */ = {
			isa = PBXGroup;
			children = (
				953B35A91DD1042B00B36AA9 /* GoogleMobileAds.framework */,
				95C31B771C46592800365F87 /* Crashlytics.framework */,
				95C31B761C46592800365F87 /* Fabric.framework */,
				953987421BD2699E005DB2C7 /* iAd.framework */,
				9578B9701DA93B4C0073CC66 /* SVProgressHUD.framework */,
				95DACD841DC64DB5005C7180 /* XCGLogger.framework */,
				9578B97B1DA93E810073CC66 /* Realm.framework */,
				9578B97C1DA93E810073CC66 /* RealmSwift.framework */,
				9578B97D1DA93E810073CC66 /* SwiftyJSON.framework */,
			);
			name = Frameworks;
			sourceTree = "<group>";
		};
		95A4CBCA1B5A852A002FB3E9 = {
			isa = PBXGroup;
			children = (
				95A4CBD41B5A852A002FB3E9 /* Products */,
				95A4CBD51B5A852A002FB3E9 /* SaldoEMT */,
				95A4CBEB1B5A852B002FB3E9 /* SaldoEMTTests */,
				9540209F1BC970AE009419EA /* Warnings.xcconfig */,
				9578B96B1DA93A550073CC66 /* Frameworks */,
			);
			sourceTree = "<group>";
		};
		95A4CBD41B5A852A002FB3E9 /* Products */ = {
			isa = PBXGroup;
			children = (
				95A4CBD31B5A852A002FB3E9 /* SaldoEMT.app */,
				95A4CBE81B5A852B002FB3E9 /* SaldoEMTTests.xctest */,
			);
			name = Products;
			sourceTree = "<group>";
		};
		95A4CBD51B5A852A002FB3E9 /* SaldoEMT */ = {
			isa = PBXGroup;
			children = (
				9566B8B61BB85B4A000ED3E1 /* Assets */,
				95D153D21B6A923C00866B59 /* Extensions */,
				95D4356E1BB846CF00745E64 /* Logic */,
				953FDF421BB80EB400D2C9DA /* Presentation */,
				95BF51E71B5B97FA00E4259B /* Resources */,
				95A4CBD81B5A852A002FB3E9 /* AppDelegate.swift */,
			);
			path = SaldoEMT;
			sourceTree = "<group>";
		};
		95A4CBD61B5A852A002FB3E9 /* Supporting Files */ = {
			isa = PBXGroup;
			children = (
				95A4CBD71B5A852A002FB3E9 /* Info.plist */,
			);
			path = "Supporting Files";
			sourceTree = "<group>";
		};
		95A4CBEB1B5A852B002FB3E9 /* SaldoEMTTests */ = {
			isa = PBXGroup;
			children = (
				953C2CC21DCE009600C8CEF7 /* Extensions */,
				953C2CD01DCE834D00C8CEF7 /* Logic */,
				95A4CBEC1B5A852B002FB3E9 /* Supporting Files */,
				953C2CCE1DCE80B100C8CEF7 /* BaseTest.swift */,
			);
			path = SaldoEMTTests;
			sourceTree = "<group>";
		};
		95A4CBEC1B5A852B002FB3E9 /* Supporting Files */ = {
			isa = PBXGroup;
			children = (
				95A4CBED1B5A852B002FB3E9 /* Info.plist */,
			);
			path = "Supporting Files";
			sourceTree = "<group>";
		};
		95BF51E71B5B97FA00E4259B /* Resources */ = {
			isa = PBXGroup;
			children = (
				95A4CBD61B5A852A002FB3E9 /* Supporting Files */,
				95A4CBDF1B5A852A002FB3E9 /* Images.xcassets */,
				95A4CBE11B5A852A002FB3E9 /* LaunchScreen.xib */,
				95A4CBDC1B5A852A002FB3E9 /* Main.storyboard */,
			);
			path = Resources;
			sourceTree = "<group>";
		};
		95D153D21B6A923C00866B59 /* Extensions */ = {
			isa = PBXGroup;
			children = (
				9562D22D1C4AE00B008E2A47 /* Double.swift */,
				953C2CC81DCE0F4300C8CEF7 /* UIColor.swift */,
			);
			path = Extensions;
			sourceTree = "<group>";
		};
		95D4356E1BB846CF00745E64 /* Logic */ = {
			isa = PBXGroup;
			children = (
				95D4356F1BB846D300745E64 /* Model */,
				9566B8C31BB87B0D000ED3E1 /* Store.swift */,
				95559B161C516E6B0003E32F /* StoreError.swift */,
				950BB1061DBD052D008A988F /* NSNotificationCenterKeys.swift */,
				95DACD881DC905B0005C7180 /* Logger.swift */,
			);
			path = Logic;
			sourceTree = "<group>";
		};
		95D4356F1BB846D300745E64 /* Model */ = {
			isa = PBXGroup;
			children = (
				9562D2291C4AB8CE008E2A47 /* Fare.swift */,
				9562D22B1C4AB97B008E2A47 /* BusLine.swift */,
				95D9F5FB1C4C0C9000A696B9 /* Balance.swift */,
				957FE81E1DBFE5FF002833D5 /* Settings.swift */,
			);
			path = Model;
			sourceTree = "<group>";
		};
/* End PBXGroup section */

/* Begin PBXNativeTarget section */
		95A4CBD21B5A852A002FB3E9 /* SaldoEMT */ = {
			isa = PBXNativeTarget;
			buildConfigurationList = 95A4CBF21B5A852B002FB3E9 /* Build configuration list for PBXNativeTarget "SaldoEMT" */;
			buildPhases = (
				95A4CBCF1B5A852A002FB3E9 /* Sources */,
				95A4CBD01B5A852A002FB3E9 /* Frameworks */,
				95A4CBD11B5A852A002FB3E9 /* Resources */,
				95C31B751C46590400365F87 /* ShellScript */,
				95383DA61DAA4991001914DC /* ShellScript */,
			);
			buildRules = (
			);
			dependencies = (
			);
			name = SaldoEMT;
			productName = SaldoEMT;
			productReference = 95A4CBD31B5A852A002FB3E9 /* SaldoEMT.app */;
			productType = "com.apple.product-type.application";
		};
		95A4CBE71B5A852B002FB3E9 /* SaldoEMTTests */ = {
			isa = PBXNativeTarget;
			buildConfigurationList = 95A4CBF51B5A852B002FB3E9 /* Build configuration list for PBXNativeTarget "SaldoEMTTests" */;
			buildPhases = (
				95A4CBE41B5A852B002FB3E9 /* Sources */,
				95A4CBE51B5A852B002FB3E9 /* Frameworks */,
				95A4CBE61B5A852B002FB3E9 /* Resources */,
			);
			buildRules = (
			);
			dependencies = (
				95A4CBEA1B5A852B002FB3E9 /* PBXTargetDependency */,
			);
			name = SaldoEMTTests;
			productName = SaldoEMTTests;
			productReference = 95A4CBE81B5A852B002FB3E9 /* SaldoEMTTests.xctest */;
			productType = "com.apple.product-type.bundle.unit-test";
		};
/* End PBXNativeTarget section */

/* Begin PBXProject section */
		95A4CBCB1B5A852A002FB3E9 /* Project object */ = {
			isa = PBXProject;
			attributes = {
				LastSwiftUpdateCheck = 0700;
				LastUpgradeCheck = 0800;
				ORGANIZATIONNAME = tovkal;
				TargetAttributes = {
					95A4CBD21B5A852A002FB3E9 = {
						CreatedOnToolsVersion = 6.4;
						DevelopmentTeam = JVHN2X67GT;
						LastSwiftMigration = 0810;
						SystemCapabilities = {
							com.apple.BackgroundModes = {
								enabled = 1;
							};
						};
					};
					95A4CBE71B5A852B002FB3E9 = {
						CreatedOnToolsVersion = 6.4;
						LastSwiftMigration = 0810;
						ProvisioningStyle = Automatic;
						TestTargetID = 95A4CBD21B5A852A002FB3E9;
					};
				};
			};
			buildConfigurationList = 95A4CBCE1B5A852A002FB3E9 /* Build configuration list for PBXProject "SaldoEMT" */;
			compatibilityVersion = "Xcode 3.2";
			developmentRegion = English;
			hasScannedForEncodings = 0;
			knownRegions = (
				en,
				Base,
			);
			mainGroup = 95A4CBCA1B5A852A002FB3E9;
			productRefGroup = 95A4CBD41B5A852A002FB3E9 /* Products */;
			projectDirPath = "";
			projectRoot = "";
			targets = (
				95A4CBD21B5A852A002FB3E9 /* SaldoEMT */,
				95A4CBE71B5A852B002FB3E9 /* SaldoEMTTests */,
			);
		};
/* End PBXProject section */

/* Begin PBXResourcesBuildPhase section */
		95A4CBD11B5A852A002FB3E9 /* Resources */ = {
			isa = PBXResourcesBuildPhase;
			buildActionMask = 2147483647;
			files = (
				95A4CBDE1B5A852A002FB3E9 /* Main.storyboard in Resources */,
				95A4CBE31B5A852A002FB3E9 /* LaunchScreen.xib in Resources */,
				95E27DFF1BED38B30047AD01 /* FareWithUnlimitedRidesCell.xib in Resources */,
				95AC90881BCC000D00787C79 /* FareCell.xib in Resources */,
				9566B8BA1BB85B53000ED3E1 /* fares_es.json in Resources */,
				953FDF451BB8126900D2C9DA /* BusLineView.xib in Resources */,
				95E27DFB1BEBDDD70047AD01 /* FareWithLimitedRidesCell.xib in Resources */,
				95A4CBE01B5A852A002FB3E9 /* Images.xcassets in Resources */,
			);
			runOnlyForDeploymentPostprocessing = 0;
		};
		95A4CBE61B5A852B002FB3E9 /* Resources */ = {
			isa = PBXResourcesBuildPhase;
			buildActionMask = 2147483647;
			files = (
			);
			runOnlyForDeploymentPostprocessing = 0;
		};
/* End PBXResourcesBuildPhase section */

/* Begin PBXShellScriptBuildPhase section */
		95383DA61DAA4991001914DC /* ShellScript */ = {
			isa = PBXShellScriptBuildPhase;
			buildActionMask = 12;
			files = (
			);
			inputPaths = (
				"$(SRCROOT)/Carthage/Build/iOS/Realm.framework",
				"$(SRCROOT)/Carthage/Build/iOS/RealmSwift.framework",
				"$(SRCROOT)/Carthage/Build/iOS/SVProgressHUD.framework",
				"$(SRCROOT)/Carthage/Build/iOS/SwiftyJSON.framework",
				"$(SRCROOT)/Carthage/Build/iOS/XCGLogger.framework",
			);
			outputPaths = (
			);
			runOnlyForDeploymentPostprocessing = 0;
			shellPath = /bin/sh;
			shellScript = "/usr/local/bin/carthage copy-frameworks\n";
		};
		95C31B751C46590400365F87 /* ShellScript */ = {
			isa = PBXShellScriptBuildPhase;
			buildActionMask = 12;
			files = (
			);
			inputPaths = (
			);
			outputPaths = (
			);
			runOnlyForDeploymentPostprocessing = 0;
			shellPath = /bin/sh;
			shellScript = "./Fabric.framework/run 2a83bde9cbf98b48f34f2f27fdb7baa31cf9b5f8 8edbf06d5de27983cb0bf34ca9e266b949a15616bfd9e7a3f6ee013b97cc3d46";
		};
/* End PBXShellScriptBuildPhase section */

/* Begin PBXSourcesBuildPhase section */
		95A4CBCF1B5A852A002FB3E9 /* Sources */ = {
			isa = PBXSourcesBuildPhase;
			buildActionMask = 2147483647;
			files = (
				9562D22E1C4AE00B008E2A47 /* Double.swift in Sources */,
				95A4CBDB1B5A852A002FB3E9 /* ViewController.swift in Sources */,
				957FE81F1DBFE5FF002833D5 /* Settings.swift in Sources */,
				954020AD1BCA627C009419EA /* FareCell.swift in Sources */,
				953FDF471BB812B500D2C9DA /* BusLineView.swift in Sources */,
				9562D22A1C4AB8CE008E2A47 /* Fare.swift in Sources */,
				95559B171C516E6B0003E32F /* StoreError.swift in Sources */,
				953C2CC91DCE0F4300C8CEF7 /* UIColor.swift in Sources */,
				9566B8C41BB87B0D000ED3E1 /* Store.swift in Sources */,
				95D153DA1B6A9E7800866B59 /* AddMoneyViewController.swift in Sources */,
				9562D22C1C4AB97B008E2A47 /* BusLine.swift in Sources */,
				95E27DFE1BED38B30047AD01 /* FareWithUnlimitedRidesCell.swift in Sources */,
				95A4CBD91B5A852A002FB3E9 /* AppDelegate.swift in Sources */,
				95DACD891DC905B0005C7180 /* Logger.swift in Sources */,
				95E27DFA1BEBDDD70047AD01 /* FareWithLimitedRidesCell.swift in Sources */,
				95D9F5FC1C4C0C9000A696B9 /* Balance.swift in Sources */,
				950BB1071DBD052D008A988F /* NSNotificationCenterKeys.swift in Sources */,
				954020A21BC9714A009419EA /* FaresViewController.swift in Sources */,
			);
			runOnlyForDeploymentPostprocessing = 0;
		};
		95A4CBE41B5A852B002FB3E9 /* Sources */ = {
			isa = PBXSourcesBuildPhase;
			buildActionMask = 2147483647;
			files = (
				953C2CC61DCE014500C8CEF7 /* DoubleTests.swift in Sources */,
				953C2CCF1DCE80B100C8CEF7 /* BaseTest.swift in Sources */,
				953C2CCB1DCE142B00C8CEF7 /* UIColorTests.swift in Sources */,
				953C2CD21DCE836400C8CEF7 /* StoreTests.swift in Sources */,
			);
			runOnlyForDeploymentPostprocessing = 0;
		};
/* End PBXSourcesBuildPhase section */

/* Begin PBXTargetDependency section */
		95A4CBEA1B5A852B002FB3E9 /* PBXTargetDependency */ = {
			isa = PBXTargetDependency;
			target = 95A4CBD21B5A852A002FB3E9 /* SaldoEMT */;
			targetProxy = 95A4CBE91B5A852B002FB3E9 /* PBXContainerItemProxy */;
		};
/* End PBXTargetDependency section */

/* Begin PBXVariantGroup section */
		95A4CBDC1B5A852A002FB3E9 /* Main.storyboard */ = {
			isa = PBXVariantGroup;
			children = (
				95A4CBDD1B5A852A002FB3E9 /* Base */,
				95DACD8B1DC91F14005C7180 /* es */,
				95DACD8D1DC91F24005C7180 /* ca-ES */,
			);
			name = Main.storyboard;
			path = .;
			sourceTree = "<group>";
		};
		95A4CBE11B5A852A002FB3E9 /* LaunchScreen.xib */ = {
			isa = PBXVariantGroup;
			children = (
				95A4CBE21B5A852A002FB3E9 /* Base */,
				95DACD8A1DC91F14005C7180 /* es */,
				95DACD8C1DC91F24005C7180 /* ca-ES */,
			);
			name = LaunchScreen.xib;
			path = .;
			sourceTree = "<group>";
		};
/* End PBXVariantGroup section */

/* Begin XCBuildConfiguration section */
		95A4CBF01B5A852B002FB3E9 /* Debug */ = {
			isa = XCBuildConfiguration;
			baseConfigurationReference = 9540209F1BC970AE009419EA /* Warnings.xcconfig */;
			buildSettings = {
				ALWAYS_SEARCH_USER_PATHS = NO;
				CLANG_ANALYZER_LOCALIZABILITY_NONLOCALIZED = YES;
				CLANG_CXX_LANGUAGE_STANDARD = "gnu++0x";
				CLANG_CXX_LIBRARY = "libc++";
				CLANG_ENABLE_MODULES = YES;
				CLANG_ENABLE_OBJC_ARC = YES;
				CLANG_WARN_BOOL_CONVERSION = YES;
				CLANG_WARN_CONSTANT_CONVERSION = YES;
				CLANG_WARN_DIRECT_OBJC_ISA_USAGE = YES_ERROR;
				CLANG_WARN_EMPTY_BODY = YES;
				CLANG_WARN_ENUM_CONVERSION = YES;
				CLANG_WARN_INFINITE_RECURSION = YES;
				CLANG_WARN_INT_CONVERSION = YES;
				CLANG_WARN_OBJC_ROOT_CLASS = YES_ERROR;
				CLANG_WARN_SUSPICIOUS_MOVE = YES;
				CLANG_WARN_UNREACHABLE_CODE = YES;
				CLANG_WARN__DUPLICATE_METHOD_MATCH = YES;
				"CODE_SIGN_IDENTITY[sdk=iphoneos*]" = "iPhone Developer";
				COPY_PHASE_STRIP = NO;
				DEBUG_INFORMATION_FORMAT = "dwarf-with-dsym";
				ENABLE_STRICT_OBJC_MSGSEND = YES;
				ENABLE_TESTABILITY = YES;
				FRAMEWORK_SEARCH_PATHS = "$(SRCROOT)/**";
				GCC_C_LANGUAGE_STANDARD = gnu99;
				GCC_DYNAMIC_NO_PIC = NO;
				GCC_NO_COMMON_BLOCKS = YES;
				GCC_OPTIMIZATION_LEVEL = 0;
				GCC_PREPROCESSOR_DEFINITIONS = (
					"DEBUG=1",
					"$(inherited)",
				);
				GCC_SYMBOLS_PRIVATE_EXTERN = NO;
				GCC_WARN_64_TO_32_BIT_CONVERSION = YES;
				GCC_WARN_ABOUT_RETURN_TYPE = YES_ERROR;
				GCC_WARN_UNDECLARED_SELECTOR = YES;
				GCC_WARN_UNINITIALIZED_AUTOS = YES_AGGRESSIVE;
				GCC_WARN_UNUSED_FUNCTION = YES;
				GCC_WARN_UNUSED_VARIABLE = YES;
				IPHONEOS_DEPLOYMENT_TARGET = 9.0;
				MTL_ENABLE_DEBUG_INFO = YES;
				ONLY_ACTIVE_ARCH = YES;
				SDKROOT = iphoneos;
				SWIFT_OPTIMIZATION_LEVEL = "-Onone";
			};
			name = Debug;
		};
		95A4CBF11B5A852B002FB3E9 /* Release */ = {
			isa = XCBuildConfiguration;
			baseConfigurationReference = 9540209F1BC970AE009419EA /* Warnings.xcconfig */;
			buildSettings = {
				ALWAYS_SEARCH_USER_PATHS = NO;
				CLANG_ANALYZER_LOCALIZABILITY_NONLOCALIZED = YES;
				CLANG_CXX_LANGUAGE_STANDARD = "gnu++0x";
				CLANG_CXX_LIBRARY = "libc++";
				CLANG_ENABLE_MODULES = YES;
				CLANG_ENABLE_OBJC_ARC = YES;
				CLANG_WARN_BOOL_CONVERSION = YES;
				CLANG_WARN_CONSTANT_CONVERSION = YES;
				CLANG_WARN_DIRECT_OBJC_ISA_USAGE = YES_ERROR;
				CLANG_WARN_EMPTY_BODY = YES;
				CLANG_WARN_ENUM_CONVERSION = YES;
				CLANG_WARN_INFINITE_RECURSION = YES;
				CLANG_WARN_INT_CONVERSION = YES;
				CLANG_WARN_OBJC_ROOT_CLASS = YES_ERROR;
				CLANG_WARN_SUSPICIOUS_MOVE = YES;
				CLANG_WARN_UNREACHABLE_CODE = YES;
				CLANG_WARN__DUPLICATE_METHOD_MATCH = YES;
				"CODE_SIGN_IDENTITY[sdk=iphoneos*]" = "iPhone Developer";
				COPY_PHASE_STRIP = NO;
				DEBUG_INFORMATION_FORMAT = "dwarf-with-dsym";
				ENABLE_NS_ASSERTIONS = NO;
				ENABLE_STRICT_OBJC_MSGSEND = YES;
				FRAMEWORK_SEARCH_PATHS = "$(SRCROOT)/**";
				GCC_C_LANGUAGE_STANDARD = gnu99;
				GCC_NO_COMMON_BLOCKS = YES;
				GCC_WARN_64_TO_32_BIT_CONVERSION = YES;
				GCC_WARN_ABOUT_RETURN_TYPE = YES_ERROR;
				GCC_WARN_UNDECLARED_SELECTOR = YES;
				GCC_WARN_UNINITIALIZED_AUTOS = YES_AGGRESSIVE;
				GCC_WARN_UNUSED_FUNCTION = YES;
				GCC_WARN_UNUSED_VARIABLE = YES;
				IPHONEOS_DEPLOYMENT_TARGET = 9.0;
				MTL_ENABLE_DEBUG_INFO = NO;
				SDKROOT = iphoneos;
				SWIFT_OPTIMIZATION_LEVEL = "-Owholemodule";
				VALIDATE_PRODUCT = YES;
			};
			name = Release;
		};
		95A4CBF31B5A852B002FB3E9 /* Debug */ = {
			isa = XCBuildConfiguration;
			baseConfigurationReference = 9540209F1BC970AE009419EA /* Warnings.xcconfig */;
			buildSettings = {
				ASSETCATALOG_COMPILER_APPICON_NAME = AppIcon;
				CODE_SIGN_IDENTITY = "iPhone Developer";
				COPY_PHASE_STRIP = NO;
				FRAMEWORK_SEARCH_PATHS = (
					"$(inherited)",
					"$(PROJECT_DIR)/Carthage/Build/iOS",
					"$(PROJECT_DIR)",
					"$(SRCROOT)/**",
				);
				INFOPLIST_FILE = "SaldoEMT/Resources/Supporting Files/Info.plist";
				IPHONEOS_DEPLOYMENT_TARGET = 9.0;
				LD_RUNPATH_SEARCH_PATHS = "$(inherited) @executable_path/Frameworks";
				OTHER_SWIFT_FLAGS = "-D DEBUG";
				PRODUCT_BUNDLE_IDENTIFIER = "com.tovkal.$(PRODUCT_NAME:rfc1034identifier)";
				PRODUCT_NAME = "$(TARGET_NAME)";
				SWIFT_VERSION = 3.0;
			};
			name = Debug;
		};
		95A4CBF41B5A852B002FB3E9 /* Release */ = {
			isa = XCBuildConfiguration;
			baseConfigurationReference = 9540209F1BC970AE009419EA /* Warnings.xcconfig */;
			buildSettings = {
				ASSETCATALOG_COMPILER_APPICON_NAME = AppIcon;
				CODE_SIGN_IDENTITY = "iPhone Developer";
				COPY_PHASE_STRIP = YES;
				FRAMEWORK_SEARCH_PATHS = (
					"$(inherited)",
					"$(PROJECT_DIR)/Carthage/Build/iOS",
					"$(PROJECT_DIR)",
					"$(SRCROOT)/**",
				);
				INFOPLIST_FILE = "SaldoEMT/Resources/Supporting Files/Info.plist";
				IPHONEOS_DEPLOYMENT_TARGET = 9.0;
				LD_RUNPATH_SEARCH_PATHS = "$(inherited) @executable_path/Frameworks";
				PRODUCT_BUNDLE_IDENTIFIER = "com.tovkal.$(PRODUCT_NAME:rfc1034identifier)";
				PRODUCT_NAME = "$(TARGET_NAME)";
				SWIFT_VERSION = 3.0;
			};
			name = Release;
		};
		95A4CBF61B5A852B002FB3E9 /* Debug */ = {
			isa = XCBuildConfiguration;
			baseConfigurationReference = 9540209F1BC970AE009419EA /* Warnings.xcconfig */;
			buildSettings = {
				BUNDLE_LOADER = "$(TEST_HOST)";
				CLANG_ENABLE_MODULES = YES;
				"CODE_SIGN_IDENTITY[sdk=iphoneos*]" = "iPhone Developer";
				DEVELOPMENT_TEAM = "";
				FRAMEWORK_SEARCH_PATHS = (
					"$(SDKROOT)/Developer/Library/Frameworks",
					"$(inherited)",
					"$(PROJECT_DIR)/Carthage/Build/iOS",
				);
				GCC_PREPROCESSOR_DEFINITIONS = (
					"DEBUG=1",
					"$(inherited)",
				);
				INFOPLIST_FILE = "SaldoEMTTests/Supporting Files/Info.plist";
				LD_RUNPATH_SEARCH_PATHS = "$(inherited) @executable_path/Frameworks @loader_path/Frameworks";
				PRODUCT_BUNDLE_IDENTIFIER = "com.tovkal.$(PRODUCT_NAME:rfc1034identifier)";
				PRODUCT_NAME = "$(TARGET_NAME)";
				SWIFT_OPTIMIZATION_LEVEL = "-Onone";
				SWIFT_VERSION = 3.0;
				TEST_HOST = "$(BUILT_PRODUCTS_DIR)/SaldoEMT.app/SaldoEMT";
			};
			name = Debug;
		};
		95A4CBF71B5A852B002FB3E9 /* Release */ = {
			isa = XCBuildConfiguration;
			baseConfigurationReference = 9540209F1BC970AE009419EA /* Warnings.xcconfig */;
			buildSettings = {
				BUNDLE_LOADER = "$(TEST_HOST)";
				CLANG_ENABLE_MODULES = YES;
				"CODE_SIGN_IDENTITY[sdk=iphoneos*]" = "iPhone Developer";
				DEVELOPMENT_TEAM = "";
				FRAMEWORK_SEARCH_PATHS = (
					"$(SDKROOT)/Developer/Library/Frameworks",
					"$(inherited)",
					"$(PROJECT_DIR)/Carthage/Build/iOS",
				);
				INFOPLIST_FILE = "SaldoEMTTests/Supporting Files/Info.plist";
				LD_RUNPATH_SEARCH_PATHS = "$(inherited) @executable_path/Frameworks @loader_path/Frameworks";
				PRODUCT_BUNDLE_IDENTIFIER = "com.tovkal.$(PRODUCT_NAME:rfc1034identifier)";
				PRODUCT_NAME = "$(TARGET_NAME)";
				SWIFT_VERSION = 3.0;
				TEST_HOST = "$(BUILT_PRODUCTS_DIR)/SaldoEMT.app/SaldoEMT";
			};
			name = Release;
		};
/* End XCBuildConfiguration section */

/* Begin XCConfigurationList section */
		95A4CBCE1B5A852A002FB3E9 /* Build configuration list for PBXProject "SaldoEMT" */ = {
			isa = XCConfigurationList;
			buildConfigurations = (
				95A4CBF01B5A852B002FB3E9 /* Debug */,
				95A4CBF11B5A852B002FB3E9 /* Release */,
			);
			defaultConfigurationIsVisible = 0;
			defaultConfigurationName = Release;
		};
		95A4CBF21B5A852B002FB3E9 /* Build configuration list for PBXNativeTarget "SaldoEMT" */ = {
			isa = XCConfigurationList;
			buildConfigurations = (
				95A4CBF31B5A852B002FB3E9 /* Debug */,
				95A4CBF41B5A852B002FB3E9 /* Release */,
			);
			defaultConfigurationIsVisible = 0;
			defaultConfigurationName = Release;
		};
		95A4CBF51B5A852B002FB3E9 /* Build configuration list for PBXNativeTarget "SaldoEMTTests" */ = {
			isa = XCConfigurationList;
			buildConfigurations = (
				95A4CBF61B5A852B002FB3E9 /* Debug */,
				95A4CBF71B5A852B002FB3E9 /* Release */,
			);
			defaultConfigurationIsVisible = 0;
			defaultConfigurationName = Release;
		};
/* End XCConfigurationList section */
	};
	rootObject = 95A4CBCB1B5A852A002FB3E9 /* Project object */;
}
